
Microsoft Visual Studio Solution File, Format Version 12.00
# Visual Studio 15
VisualStudioVersion = 15.0.28307.645
MinimumVisualStudioVersion = 10.0.40219.1
Project("{F184B08F-C81C-45F6-A57F-5ABD9991F28F}") = "TopshelfVbExample", "TopshelfVbExample\TopshelfVbExample.vbproj", "{B9FDA846-0063-45DC-824A-3D1CE0BBFA8C}"
EndProject
Global
	GlobalSection(SolutionConfigurationPlatforms) = preSolution
		Debug|Any CPU = Debug|Any CPU
		Release|Any CPU = Release|Any CPU
	EndGlobalSection
	GlobalSection(ProjectConfigurationPlatforms) = postSolution
		{B9FDA846-0063-45DC-824A-3D1CE0BBFA8C}.Debug|Any CPU.ActiveCfg = Debug|Any CPU
		{B9FDA846-0063-45DC-824A-3D1CE0BBFA8C}.Debug|Any CPU.Build.0 = Debug|Any CPU
		{B9FDA846-0063-45DC-824A-3D1CE0BBFA8C}.Release|Any CPU.ActiveCfg = Release|Any CPU
		{B9FDA846-0063-45DC-824A-3D1CE0BBFA8C}.Release|Any CPU.Build.0 = Release|Any CPU
	EndGlobalSection
	GlobalSection(SolutionProperties) = preSolution
		HideSolutionNode = FALSE
	EndGlobalSection
	GlobalSection(ExtensibilityGlobals) = postSolution
		SolutionGuid = {26771ECF-711D-456C-8034-ACF9DC6C61EE}
	EndGlobalSection
EndGlobal
